// !$*UTF8*$!
{
	archiveVersion = 1;
	classes = {
	};
	objectVersion = 46;
	objects = {

/* Begin PBXBuildFile section */
		3D741CDF1BE83493003192BD /* AppDelegate.swift in Sources */ = {isa = PBXBuildFile; fileRef = 3D741CDE1BE83493003192BD /* AppDelegate.swift */; };
		3D741CE11BE83493003192BD /* ViewController.swift in Sources */ = {isa = PBXBuildFile; fileRef = 3D741CE01BE83493003192BD /* ViewController.swift */; };
		3D741CE41BE83493003192BD /* Main.storyboard in Resources */ = {isa = PBXBuildFile; fileRef = 3D741CE21BE83493003192BD /* Main.storyboard */; };
		3D741CE61BE83493003192BD /* Assets.xcassets in Resources */ = {isa = PBXBuildFile; fileRef = 3D741CE51BE83493003192BD /* Assets.xcassets */; };
		3D741CE91BE83493003192BD /* LaunchScreen.storyboard in Resources */ = {isa = PBXBuildFile; fileRef = 3D741CE71BE83493003192BD /* LaunchScreen.storyboard */; };
		3D741CF11BE83961003192BD /* FileInPlaying.swift in Sources */ = {isa = PBXBuildFile; fileRef = 3D741CF01BE83961003192BD /* FileInPlaying.swift */; };
/* End PBXBuildFile section */

/* Begin PBXFileReference section */
		3D741CDB1BE83493003192BD /* playingPlaygrounds.app */ = {isa = PBXFileReference; explicitFileType = wrapper.application; includeInIndex = 0; path = playingPlaygrounds.app; sourceTree = BUILT_PRODUCTS_DIR; };
		3D741CDE1BE83493003192BD /* AppDelegate.swift */ = {isa = PBXFileReference; lastKnownFileType = sourcecode.swift; path = AppDelegate.swift; sourceTree = "<group>"; };
		3D741CE01BE83493003192BD /* ViewController.swift */ = {isa = PBXFileReference; lastKnownFileType = sourcecode.swift; path = ViewController.swift; sourceTree = "<group>"; };
		3D741CE31BE83493003192BD /* Base */ = {isa = PBXFileReference; lastKnownFileType = file.storyboard; name = Base; path = Base.lproj/Main.storyboard; sourceTree = "<group>"; };
		3D741CE51BE83493003192BD /* Assets.xcassets */ = {isa = PBXFileReference; lastKnownFileType = folder.assetcatalog; path = Assets.xcassets; sourceTree = "<group>"; };
		3D741CE81BE83493003192BD /* Base */ = {isa = PBXFileReference; lastKnownFileType = file.storyboard; name = Base; path = Base.lproj/LaunchScreen.storyboard; sourceTree = "<group>"; };
		3D741CEA1BE83493003192BD /* Info.plist */ = {isa = PBXFileReference; lastKnownFileType = text.plist.xml; path = Info.plist; sourceTree = "<group>"; };
		3D741CF01BE83961003192BD /* FileInPlaying.swift */ = {isa = PBXFileReference; fileEncoding = 4; lastKnownFileType = sourcecode.swift; path = FileInPlaying.swift; sourceTree = "<group>"; };
/* End PBXFileReference section */

/* Begin PBXFrameworksBuildPhase section */
		3D741CD81BE83493003192BD /* Frameworks */ = {
			isa = PBXFrameworksBuildPhase;
			buildActionMask = 2147483647;
			files = (
			);
			runOnlyForDeploymentPostprocessing = 0;
		};
/* End PBXFrameworksBuildPhase section */

/* Begin PBXGroup section */
		3D741CD21BE83493003192BD = {
			isa = PBXGroup;
			children = (
				3D741CDD1BE83493003192BD /* playingPlaygrounds */,
				3D741CDC1BE83493003192BD /* Products */,
			);
			sourceTree = "<group>";
		};
		3D741CDC1BE83493003192BD /* Products */ = {
			isa = PBXGroup;
			children = (
				3D741CDB1BE83493003192BD /* playingPlaygrounds.app */,
			);
			name = Products;
			sourceTree = "<group>";
		};
		3D741CDD1BE83493003192BD /* playingPlaygrounds */ = {
			isa = PBXGroup;
			children = (
				3D741CDE1BE83493003192BD /* AppDelegate.swift */,
				3D741CE01BE83493003192BD /* ViewController.swift */,
				3D741CE21BE83493003192BD /* Main.storyboard */,
				3D741CE51BE83493003192BD /* Assets.xcassets */,
				3D741CE71BE83493003192BD /* LaunchScreen.storyboard */,
				3D741CEA1BE83493003192BD /* Info.plist */,
				3D741CF01BE83961003192BD /* FileInPlaying.swift */,
			);
			path = playingPlaygrounds;
			sourceTree = "<group>";
		};
/* End PBXGroup section */

/* Begin PBXNativeTarget section */
		3D741CDA1BE83493003192BD /* playingPlaygrounds */ = {
			isa = PBXNativeTarget;
			buildConfigurationList = 3D741CED1BE83493003192BD /* Build configuration list for PBXNativeTarget "playingPlaygrounds" */;
			buildPhases = (
				3D741CD71BE83493003192BD /* Sources */,
				3D741CD81BE83493003192BD /* Frameworks */,
				3D741CD91BE83493003192BD /* Resources */,
			);
			buildRules = (
			);
			dependencies = (
			);
			name = playingPlaygrounds;
			productName = playingPlaygrounds;
			productReference = 3D741CDB1BE83493003192BD /* playingPlaygrounds.app */;
			productType = "com.apple.product-type.application";
		};
/* End PBXNativeTarget section */

/* Begin PBXProject section */
		3D741CD31BE83493003192BD /* Project object */ = {
			isa = PBXProject;
			attributes = {
				LastSwiftUpdateCheck = 0710;
				LastUpgradeCheck = 0710;
				ORGANIZATIONNAME = "Kelly Robinson";
				TargetAttributes = {
					3D741CDA1BE83493003192BD = {
						CreatedOnToolsVersion = 7.1;
					};
				};
			};
			buildConfigurationList = 3D741CD61BE83493003192BD /* Build configuration list for PBXProject "playingPlaygrounds" */;
			compatibilityVersion = "Xcode 3.2";
			developmentRegion = English;
			hasScannedForEncodings = 0;
			knownRegions = (
				en,
				Base,
			);
			mainGroup = 3D741CD21BE83493003192BD;
			productRefGroup = 3D741CDC1BE83493003192BD /* Products */;
			projectDirPath = "";
			projectRoot = "";
			targets = (
				3D741CDA1BE83493003192BD /* playingPlaygrounds */,
			);
		};
/* End PBXProject section */

/* Begin PBXResourcesBuildPhase section */
		3D741CD91BE83493003192BD /* Resources */ = {
			isa = PBXResourcesBuildPhase;
			buildActionMask = 2147483647;
			files = (
				3D741CE91BE83493003192BD /* LaunchScreen.storyboard in Resources */,
				3D741CE61BE83493003192BD /* Assets.xcassets in Resources */,
				3D741CE41BE83493003192BD /* Main.storyboard in Resources */,
			);
			runOnlyForDeploymentPostprocessing = 0;
		};
/* End PBXResourcesBuildPhase section */

/* Begin PBXSourcesBuildPhase section */
		3D741CD71BE83493003192BD /* Sources */ = {
			isa = PBXSourcesBuildPhase;
			buildActionMask = 2147483647;
			files = (
				3D741CE11BE83493003192BD /* ViewController.swift in Sources */,
				3D741CF11BE83961003192BD /* FileInPlaying.swift in Sources */,
				3D741CDF1BE83493003192BD /* AppDelegate.swift in Sources */,
			);
			runOnlyForDeploymentPostprocessing = 0;
		};
/* End PBXSourcesBuildPhase section */

/* Begin PBXVariantGroup section */
		3D741CE21BE83493003192BD /* Main.storyboard */ = {
			isa = PBXVariantGroup;
			children = (
				3D741CE31BE83493003192BD /* Base */,
			);
			name = Main.storyboard;
			sourceTree = "<group>";
		};
		3D741CE71BE83493003192BD /* LaunchScreen.storyboard */ = {
			isa = PBXVariantGroup;
			children = (
				3D741CE81BE83493003192BD /* Base */,
			);
			name = LaunchScreen.storyboard;
			sourceTree = "<group>";
		};
/* End PBXVariantGroup section */

/* Begin XCBuildConfiguration section */
		3D741CEB1BE83493003192BD /* Debug */ = {
			isa = XCBuildConfiguration;
			buildSettings = {
				ALWAYS_SEARCH_USER_PATHS = NO;
				CLANG_CXX_LANGUAGE_STANDARD = "gnu++0x";
				CLANG_CXX_LIBRARY = "libc++";
				CLANG_ENABLE_MODULES = YES;
				CLANG_ENABLE_OBJC_ARC = YES;
				CLANG_WARN_BOOL_CONVERSION = YES;
				CLANG_WARN_CONSTANT_CONVERSION = YES;
				CLANG_WARN_DIRECT_OBJC_ISA_USAGE = YES_ERROR;
				CLANG_WARN_EMPTY_BODY = YES;
				CLANG_WARN_ENUM_CONVERSION = YES;
				CLANG_WARN_INT_CONVERSION = YES;
				CLANG_WARN_OBJC_ROOT_CLASS = YES_ERROR;
				CLANG_WARN_UNREACHABLE_CODE = YES;
				CLANG_WARN__DUPLICATE_METHOD_MATCH = YES;
				"CODE_SIGN_IDENTITY[sdk=iphoneos*]" = "iPhone Developer";
				COPY_PHASE_STRIP = NO;
				DEBUG_INFORMATION_FORMAT = dwarf;
				ENABLE_STRICT_OBJC_MSGSEND = YES;
				ENABLE_TESTABILITY = YES;
				GCC_C_LANGUAGE_STANDARD = gnu99;
				GCC_DYNAMIC_NO_PIC = NO;
				GCC_NO_COMMON_BLOCKS = YES;
				GCC_OPTIMIZATION_LEVEL = 0;
				GCC_PREPROCESSOR_DEFINITIONS = (
					"DEBUG=1",
					"$(inherited)",
				);
				GCC_WARN_64_TO_32_BIT_CONVERSION = YES;
				GCC_WARN_ABOUT_RETURN_TYPE = YES_ERROR;
				GCC_WARN_UNDECLARED_SELECTOR = YES;
				GCC_WARN_UNINITIALIZED_AUTOS = YES_AGGRESSIVE;
				GCC_WARN_UNUSED_FUNCTION = YES;
				GCC_WARN_UNUSED_VARIABLE = YES;
				IPHONEOS_DEPLOYMENT_TARGET = 9.1;
				MTL_ENABLE_DEBUG_INFO = YES;
				ONLY_ACTIVE_ARCH = YES;
				SDKROOT = iphoneos;
				SWIFT_OPTIMIZATION_LEVEL = "-Onone";
			};
			name = Debug;
		};
		3D741CEC1BE83493003192BD /* Release */ = {
			isa = XCBuildConfiguration;
			buildSettings = {
				ALWAYS_SEARCH_USER_PATHS = NO;
				CLANG_CXX_LANGUAGE_STANDARD = "gnu++0x";
				CLANG_CXX_LIBRARY = "libc++";
				CLANG_ENABLE_MODULES = YES;
				CLANG_ENABLE_OBJC_ARC = YES;
				CLANG_WARN_BOOL_CONVERSION = YES;
				CLANG_WARN_CONSTANT_CONVERSION = YES;
				CLANG_WARN_DIRECT_OBJC_ISA_USAGE = YES_ERROR;
				CLANG_WARN_EMPTY_BODY = YES;
				CLANG_WARN_ENUM_CONVERSION = YES;
				CLANG_WARN_INT_CONVERSION = YES;
				CLANG_WARN_OBJC_ROOT_CLASS = YES_ERROR;
				CLANG_WARN_UNREACHABLE_CODE = YES;
				CLANG_WARN__DUPLICATE_METHOD_MATCH = YES;
				"CODE_SIGN_IDENTITY[sdk=iphoneos*]" = "iPhone Developer";
				COPY_PHASE_STRIP = NO;
				DEBUG_INFORMATION_FORMAT = "dwarf-with-dsym";
				ENABLE_NS_ASSERTIONS = NO;
				ENABLE_STRICT_OBJC_MSGSEND = YES;
				GCC_C_LANGUAGE_STANDARD = gnu99;
				GCC_NO_COMMON_BLOCKS = YES;
				GCC_WARN_64_TO_32_BIT_CONVERSION = YES;
				GCC_WARN_ABOUT_RETURN_TYPE = YES_ERROR;
				GCC_WARN_UNDECLARED_SELECTOR = YES;
				GCC_WARN_UNINITIALIZED_AUTOS = YES_AGGRESSIVE;
				GCC_WARN_UNUSED_FUNCTION = YES;
				GCC_WARN_UNUSED_VARIABLE = YES;
				IPHONEOS_DEPLOYMENT_TARGET = 9.1;
				MTL_ENABLE_DEBUG_INFO = NO;
				SDKROOT = iphoneos;
				VALIDATE_PRODUCT = YES;
			};
			name = Release;
		};
		3D741CEE1BE83493003192BD /* Debug */ = {
			isa = XCBuildConfiguration;
			buildSettings = {
				ASSETCATALOG_COMPILER_APPICON_NAME = AppIcon;
				INFOPLIST_FILE = playingPlaygrounds/Info.plist;
				LD_RUNPATH_SEARCH_PATHS = "$(inherited) @executable_path/Frameworks";
				PRODUCT_BUNDLE_IDENTIFIER = com.Kelly.playingPlaygrounds;
				PRODUCT_NAME = "$(TARGET_NAME)";
			};
			name = Debug;
		};
		3D741CEF1BE83493003192BD /* Release */ = {
			isa = XCBuildConfiguration;
			buildSettings = {
				ASSETCATALOG_COMPILER_APPICON_NAME = AppIcon;
				INFOPLIST_FILE = playingPlaygrounds/Info.plist;
				LD_RUNPATH_SEARCH_PATHS = "$(inherited) @executable_path/Frameworks";
				PRODUCT_BUNDLE_IDENTIFIER = com.Kelly.playingPlaygrounds;
				PRODUCT_NAME = "$(TARGET_NAME)";
			};
			name = Release;
		};
/* End XCBuildConfiguration section */

/* Begin XCConfigurationList section */
		3D741CD61BE83493003192BD /* Build configuration list for PBXProject "playingPlaygrounds" */ = {
			isa = XCConfigurationList;
			buildConfigurations = (
				3D741CEB1BE83493003192BD /* Debug */,
				3D741CEC1BE83493003192BD /* Release */,
			);
			defaultConfigurationIsVisible = 0;
			defaultConfigurationName = Release;
		};
		3D741CED1BE83493003192BD /* Build configuration list for PBXNativeTarget "playingPlaygrounds" */ = {
			isa = XCConfigurationList;
			buildConfigurations = (
				3D741CEE1BE83493003192BD /* Debug */,
				3D741CEF1BE83493003192BD /* Release */,
			);
			defaultConfigurationIsVisible = 0;
		};
/* End XCConfigurationList section */
	};
	rootObject = 3D741CD31BE83493003192BD /* Project object */;
}
