// !$*UTF8*$!
{
	archiveVersion = 1;
	classes = {
	};
	objectVersion = 46;
	objects = {

/* Begin PBXBuildFile section */
		3D80EA741BF294CF00C6BF84 /* AccuracyView.swift in Sources */ = {isa = PBXBuildFile; fileRef = 3D80EA731BF294CF00C6BF84 /* AccuracyView.swift */; };
		3D80EA761BF29E0700C6BF84 /* Cubano-Regular.otf in Resources */ = {isa = PBXBuildFile; fileRef = 3D80EA751BF29E0700C6BF84 /* Cubano-Regular.otf */; };
		3D9033551BF27505009A9AE4 /* AppDelegate.swift in Sources */ = {isa = PBXBuildFile; fileRef = 3D9033541BF27505009A9AE4 /* AppDelegate.swift */; };
		3D9033571BF27505009A9AE4 /* ViewController.swift in Sources */ = {isa = PBXBuildFile; fileRef = 3D9033561BF27505009A9AE4 /* ViewController.swift */; };
		3D90335A1BF27505009A9AE4 /* Main.storyboard in Resources */ = {isa = PBXBuildFile; fileRef = 3D9033581BF27505009A9AE4 /* Main.storyboard */; };
		3D90335C1BF27505009A9AE4 /* Assets.xcassets in Resources */ = {isa = PBXBuildFile; fileRef = 3D90335B1BF27505009A9AE4 /* Assets.xcassets */; };
		3D90335F1BF27506009A9AE4 /* LaunchScreen.storyboard in Resources */ = {isa = PBXBuildFile; fileRef = 3D90335D1BF27506009A9AE4 /* LaunchScreen.storyboard */; };
		3D9033671BF278C9009A9AE4 /* EstimoteSDK.framework in Frameworks */ = {isa = PBXBuildFile; fileRef = 3D9033661BF278C9009A9AE4 /* EstimoteSDK.framework */; };
/* End PBXBuildFile section */

/* Begin PBXFileReference section */
		3D80EA731BF294CF00C6BF84 /* AccuracyView.swift */ = {isa = PBXFileReference; fileEncoding = 4; lastKnownFileType = sourcecode.swift; path = AccuracyView.swift; sourceTree = "<group>"; };
		3D80EA751BF29E0700C6BF84 /* Cubano-Regular.otf */ = {isa = PBXFileReference; lastKnownFileType = file; path = "Cubano-Regular.otf"; sourceTree = "<group>"; };
		3D9033511BF27505009A9AE4 /* BeaconHunt.app */ = {isa = PBXFileReference; explicitFileType = wrapper.application; includeInIndex = 0; path = BeaconHunt.app; sourceTree = BUILT_PRODUCTS_DIR; };
		3D9033541BF27505009A9AE4 /* AppDelegate.swift */ = {isa = PBXFileReference; lastKnownFileType = sourcecode.swift; path = AppDelegate.swift; sourceTree = "<group>"; };
		3D9033561BF27505009A9AE4 /* ViewController.swift */ = {isa = PBXFileReference; lastKnownFileType = sourcecode.swift; path = ViewController.swift; sourceTree = "<group>"; };
		3D9033591BF27505009A9AE4 /* Base */ = {isa = PBXFileReference; lastKnownFileType = file.storyboard; name = Base; path = Base.lproj/Main.storyboard; sourceTree = "<group>"; };
		3D90335B1BF27505009A9AE4 /* Assets.xcassets */ = {isa = PBXFileReference; lastKnownFileType = folder.assetcatalog; path = Assets.xcassets; sourceTree = "<group>"; };
		3D90335E1BF27506009A9AE4 /* Base */ = {isa = PBXFileReference; lastKnownFileType = file.storyboard; name = Base; path = Base.lproj/LaunchScreen.storyboard; sourceTree = "<group>"; };
		3D9033601BF27506009A9AE4 /* Info.plist */ = {isa = PBXFileReference; lastKnownFileType = text.plist.xml; path = Info.plist; sourceTree = "<group>"; };
		3D9033661BF278C9009A9AE4 /* EstimoteSDK.framework */ = {isa = PBXFileReference; lastKnownFileType = wrapper.framework; name = EstimoteSDK.framework; path = "../../../../_resources/Frameworks/Estimote/iOS-SDK-master/EstimoteSDK/EstimoteSDK.framework"; sourceTree = "<group>"; };
		3D9033681BF27A19009A9AE4 /* Bridge.h */ = {isa = PBXFileReference; lastKnownFileType = sourcecode.c.h; path = Bridge.h; sourceTree = "<group>"; };
/* End PBXFileReference section */

/* Begin PBXFrameworksBuildPhase section */
		3D90334E1BF27505009A9AE4 /* Frameworks */ = {
			isa = PBXFrameworksBuildPhase;
			buildActionMask = 2147483647;
			files = (
				3D9033671BF278C9009A9AE4 /* EstimoteSDK.framework in Frameworks */,
			);
			runOnlyForDeploymentPostprocessing = 0;
		};
/* End PBXFrameworksBuildPhase section */

/* Begin PBXGroup section */
		3D9033481BF27505009A9AE4 = {
			isa = PBXGroup;
			children = (
				3D9033531BF27505009A9AE4 /* BeaconHunt */,
				3D9033521BF27505009A9AE4 /* Products */,
			);
			sourceTree = "<group>";
		};
		3D9033521BF27505009A9AE4 /* Products */ = {
			isa = PBXGroup;
			children = (
				3D9033511BF27505009A9AE4 /* BeaconHunt.app */,
			);
			name = Products;
			sourceTree = "<group>";
		};
		3D9033531BF27505009A9AE4 /* BeaconHunt */ = {
			isa = PBXGroup;
			children = (
				3D80EA751BF29E0700C6BF84 /* Cubano-Regular.otf */,
				3D9033661BF278C9009A9AE4 /* EstimoteSDK.framework */,
				3D9033541BF27505009A9AE4 /* AppDelegate.swift */,
				3D9033561BF27505009A9AE4 /* ViewController.swift */,
				3D9033581BF27505009A9AE4 /* Main.storyboard */,
				3D90335B1BF27505009A9AE4 /* Assets.xcassets */,
				3D90335D1BF27506009A9AE4 /* LaunchScreen.storyboard */,
				3D80EA731BF294CF00C6BF84 /* AccuracyView.swift */,
				3D9033601BF27506009A9AE4 /* Info.plist */,
				3D9033681BF27A19009A9AE4 /* Bridge.h */,
			);
			path = BeaconHunt;
			sourceTree = "<group>";
		};
/* End PBXGroup section */

/* Begin PBXNativeTarget section */
		3D9033501BF27505009A9AE4 /* BeaconHunt */ = {
			isa = PBXNativeTarget;
			buildConfigurationList = 3D9033631BF27506009A9AE4 /* Build configuration list for PBXNativeTarget "BeaconHunt" */;
			buildPhases = (
				3D90334D1BF27505009A9AE4 /* Sources */,
				3D90334E1BF27505009A9AE4 /* Frameworks */,
				3D90334F1BF27505009A9AE4 /* Resources */,
			);
			buildRules = (
			);
			dependencies = (
			);
			name = BeaconHunt;
			productName = BeaconHunt;
			productReference = 3D9033511BF27505009A9AE4 /* BeaconHunt.app */;
			productType = "com.apple.product-type.application";
		};
/* End PBXNativeTarget section */

/* Begin PBXProject section */
		3D9033491BF27505009A9AE4 /* Project object */ = {
			isa = PBXProject;
			attributes = {
				LastSwiftUpdateCheck = 0710;
				LastUpgradeCheck = 0710;
				ORGANIZATIONNAME = "Kelly Robinson";
				TargetAttributes = {
					3D9033501BF27505009A9AE4 = {
						CreatedOnToolsVersion = 7.1;
					};
				};
			};
			buildConfigurationList = 3D90334C1BF27505009A9AE4 /* Build configuration list for PBXProject "BeaconHunt" */;
			compatibilityVersion = "Xcode 3.2";
			developmentRegion = English;
			hasScannedForEncodings = 0;
			knownRegions = (
				en,
				Base,
			);
			mainGroup = 3D9033481BF27505009A9AE4;
			productRefGroup = 3D9033521BF27505009A9AE4 /* Products */;
			projectDirPath = "";
			projectRoot = "";
			targets = (
				3D9033501BF27505009A9AE4 /* BeaconHunt */,
			);
		};
/* End PBXProject section */

/* Begin PBXResourcesBuildPhase section */
		3D90334F1BF27505009A9AE4 /* Resources */ = {
			isa = PBXResourcesBuildPhase;
			buildActionMask = 2147483647;
			files = (
				3D80EA761BF29E0700C6BF84 /* Cubano-Regular.otf in Resources */,
				3D90335F1BF27506009A9AE4 /* LaunchScreen.storyboard in Resources */,
				3D90335C1BF27505009A9AE4 /* Assets.xcassets in Resources */,
				3D90335A1BF27505009A9AE4 /* Main.storyboard in Resources */,
			);
			runOnlyForDeploymentPostprocessing = 0;
		};
/* End PBXResourcesBuildPhase section */

/* Begin PBXSourcesBuildPhase section */
		3D90334D1BF27505009A9AE4 /* Sources */ = {
			isa = PBXSourcesBuildPhase;
			buildActionMask = 2147483647;
			files = (
				3D80EA741BF294CF00C6BF84 /* AccuracyView.swift in Sources */,
				3D9033571BF27505009A9AE4 /* ViewController.swift in Sources */,
				3D9033551BF27505009A9AE4 /* AppDelegate.swift in Sources */,
			);
			runOnlyForDeploymentPostprocessing = 0;
		};
/* End PBXSourcesBuildPhase section */

/* Begin PBXVariantGroup section */
		3D9033581BF27505009A9AE4 /* Main.storyboard */ = {
			isa = PBXVariantGroup;
			children = (
				3D9033591BF27505009A9AE4 /* Base */,
			);
			name = Main.storyboard;
			sourceTree = "<group>";
		};
		3D90335D1BF27506009A9AE4 /* LaunchScreen.storyboard */ = {
			isa = PBXVariantGroup;
			children = (
				3D90335E1BF27506009A9AE4 /* Base */,
			);
			name = LaunchScreen.storyboard;
			sourceTree = "<group>";
		};
/* End PBXVariantGroup section */

/* Begin XCBuildConfiguration section */
		3D9033611BF27506009A9AE4 /* Debug */ = {
			isa = XCBuildConfiguration;
			buildSettings = {
				ALWAYS_SEARCH_USER_PATHS = NO;
				CLANG_CXX_LANGUAGE_STANDARD = "gnu++0x";
				CLANG_CXX_LIBRARY = "libc++";
				CLANG_ENABLE_MODULES = YES;
				CLANG_ENABLE_OBJC_ARC = YES;
				CLANG_WARN_BOOL_CONVERSION = YES;
				CLANG_WARN_CONSTANT_CONVERSION = YES;
				CLANG_WARN_DIRECT_OBJC_ISA_USAGE = YES_ERROR;
				CLANG_WARN_EMPTY_BODY = YES;
				CLANG_WARN_ENUM_CONVERSION = YES;
				CLANG_WARN_INT_CONVERSION = YES;
				CLANG_WARN_OBJC_ROOT_CLASS = YES_ERROR;
				CLANG_WARN_UNREACHABLE_CODE = YES;
				CLANG_WARN__DUPLICATE_METHOD_MATCH = YES;
				"CODE_SIGN_IDENTITY[sdk=iphoneos*]" = "iPhone Developer";
				COPY_PHASE_STRIP = NO;
				DEBUG_INFORMATION_FORMAT = dwarf;
				ENABLE_STRICT_OBJC_MSGSEND = YES;
				ENABLE_TESTABILITY = YES;
				GCC_C_LANGUAGE_STANDARD = gnu99;
				GCC_DYNAMIC_NO_PIC = NO;
				GCC_NO_COMMON_BLOCKS = YES;
				GCC_OPTIMIZATION_LEVEL = 0;
				GCC_PREPROCESSOR_DEFINITIONS = (
					"DEBUG=1",
					"$(inherited)",
				);
				GCC_WARN_64_TO_32_BIT_CONVERSION = YES;
				GCC_WARN_ABOUT_RETURN_TYPE = YES_ERROR;
				GCC_WARN_UNDECLARED_SELECTOR = YES;
				GCC_WARN_UNINITIALIZED_AUTOS = YES_AGGRESSIVE;
				GCC_WARN_UNUSED_FUNCTION = YES;
				GCC_WARN_UNUSED_VARIABLE = YES;
				IPHONEOS_DEPLOYMENT_TARGET = 9.1;
				MTL_ENABLE_DEBUG_INFO = YES;
				ONLY_ACTIVE_ARCH = YES;
				SDKROOT = iphoneos;
				SWIFT_OPTIMIZATION_LEVEL = "-Onone";
			};
			name = Debug;
		};
		3D9033621BF27506009A9AE4 /* Release */ = {
			isa = XCBuildConfiguration;
			buildSettings = {
				ALWAYS_SEARCH_USER_PATHS = NO;
				CLANG_CXX_LANGUAGE_STANDARD = "gnu++0x";
				CLANG_CXX_LIBRARY = "libc++";
				CLANG_ENABLE_MODULES = YES;
				CLANG_ENABLE_OBJC_ARC = YES;
				CLANG_WARN_BOOL_CONVERSION = YES;
				CLANG_WARN_CONSTANT_CONVERSION = YES;
				CLANG_WARN_DIRECT_OBJC_ISA_USAGE = YES_ERROR;
				CLANG_WARN_EMPTY_BODY = YES;
				CLANG_WARN_ENUM_CONVERSION = YES;
				CLANG_WARN_INT_CONVERSION = YES;
				CLANG_WARN_OBJC_ROOT_CLASS = YES_ERROR;
				CLANG_WARN_UNREACHABLE_CODE = YES;
				CLANG_WARN__DUPLICATE_METHOD_MATCH = YES;
				"CODE_SIGN_IDENTITY[sdk=iphoneos*]" = "iPhone Developer";
				COPY_PHASE_STRIP = NO;
				DEBUG_INFORMATION_FORMAT = "dwarf-with-dsym";
				ENABLE_NS_ASSERTIONS = NO;
				ENABLE_STRICT_OBJC_MSGSEND = YES;
				GCC_C_LANGUAGE_STANDARD = gnu99;
				GCC_NO_COMMON_BLOCKS = YES;
				GCC_WARN_64_TO_32_BIT_CONVERSION = YES;
				GCC_WARN_ABOUT_RETURN_TYPE = YES_ERROR;
				GCC_WARN_UNDECLARED_SELECTOR = YES;
				GCC_WARN_UNINITIALIZED_AUTOS = YES_AGGRESSIVE;
				GCC_WARN_UNUSED_FUNCTION = YES;
				GCC_WARN_UNUSED_VARIABLE = YES;
				IPHONEOS_DEPLOYMENT_TARGET = 9.1;
				MTL_ENABLE_DEBUG_INFO = NO;
				SDKROOT = iphoneos;
				VALIDATE_PRODUCT = YES;
			};
			name = Release;
		};
		3D9033641BF27506009A9AE4 /* Debug */ = {
			isa = XCBuildConfiguration;
			buildSettings = {
				ASSETCATALOG_COMPILER_APPICON_NAME = AppIcon;
				FRAMEWORK_SEARCH_PATHS = "~/_resources/Frameworks/**";
				INFOPLIST_FILE = BeaconHunt/Info.plist;
				LD_RUNPATH_SEARCH_PATHS = "$(inherited) @executable_path/Frameworks";
				PRODUCT_BUNDLE_IDENTIFIER = com.Kelly.BeaconHunt;
				PRODUCT_NAME = "$(TARGET_NAME)";
				SWIFT_OBJC_BRIDGING_HEADER = "$(PROJECT_NAME)/Bridge.h";
			};
			name = Debug;
		};
		3D9033651BF27506009A9AE4 /* Release */ = {
			isa = XCBuildConfiguration;
			buildSettings = {
				ASSETCATALOG_COMPILER_APPICON_NAME = AppIcon;
				FRAMEWORK_SEARCH_PATHS = "~/_resources/Frameworks/**";
				INFOPLIST_FILE = BeaconHunt/Info.plist;
				LD_RUNPATH_SEARCH_PATHS = "$(inherited) @executable_path/Frameworks";
				PRODUCT_BUNDLE_IDENTIFIER = com.Kelly.BeaconHunt;
				PRODUCT_NAME = "$(TARGET_NAME)";
				SWIFT_OBJC_BRIDGING_HEADER = "$(PROJECT_NAME)/Bridge.h";
			};
			name = Release;
		};
/* End XCBuildConfiguration section */

/* Begin XCConfigurationList section */
		3D90334C1BF27505009A9AE4 /* Build configuration list for PBXProject "BeaconHunt" */ = {
			isa = XCConfigurationList;
			buildConfigurations = (
				3D9033611BF27506009A9AE4 /* Debug */,
				3D9033621BF27506009A9AE4 /* Release */,
			);
			defaultConfigurationIsVisible = 0;
			defaultConfigurationName = Release;
		};
		3D9033631BF27506009A9AE4 /* Build configuration list for PBXNativeTarget "BeaconHunt" */ = {
			isa = XCConfigurationList;
			buildConfigurations = (
				3D9033641BF27506009A9AE4 /* Debug */,
				3D9033651BF27506009A9AE4 /* Release */,
			);
			defaultConfigurationIsVisible = 0;
			defaultConfigurationName = Release;
		};
/* End XCConfigurationList section */
	};
	rootObject = 3D9033491BF27505009A9AE4 /* Project object */;
}
