// !$*UTF8*$!
{
	archiveVersion = 1;
	classes = {
	};
	objectVersion = 46;
	objects = {

/* Begin PBXBuildFile section */
		3DB992801BCBFAAF00C875EA /* AppDelegate.swift in Sources */ = {isa = PBXBuildFile; fileRef = 3DB9927F1BCBFAAF00C875EA /* AppDelegate.swift */; };
		3DB992821BCBFAAF00C875EA /* ViewController.swift in Sources */ = {isa = PBXBuildFile; fileRef = 3DB992811BCBFAAF00C875EA /* ViewController.swift */; };
		3DB992851BCBFAAF00C875EA /* Main.storyboard in Resources */ = {isa = PBXBuildFile; fileRef = 3DB992831BCBFAAF00C875EA /* Main.storyboard */; };
		3DB992871BCBFAAF00C875EA /* Assets.xcassets in Resources */ = {isa = PBXBuildFile; fileRef = 3DB992861BCBFAAF00C875EA /* Assets.xcassets */; };
		3DB9928A1BCBFAAF00C875EA /* LaunchScreen.storyboard in Resources */ = {isa = PBXBuildFile; fileRef = 3DB992881BCBFAAF00C875EA /* LaunchScreen.storyboard */; };
		3DB992941BCBFC5800C875EA /* Fabric.framework in Frameworks */ = {isa = PBXBuildFile; fileRef = 3DB992921BCBFC5800C875EA /* Fabric.framework */; settings = {ASSET_TAGS = (); }; };
		3DB992951BCBFC5800C875EA /* Crashlytics.framework in Frameworks */ = {isa = PBXBuildFile; fileRef = 3DB992931BCBFC5800C875EA /* Crashlytics.framework */; settings = {ASSET_TAGS = (); }; };
/* End PBXBuildFile section */

/* Begin PBXFileReference section */
		3DB9927C1BCBFAAF00C875EA /* HelloCrash.app */ = {isa = PBXFileReference; explicitFileType = wrapper.application; includeInIndex = 0; path = HelloCrash.app; sourceTree = BUILT_PRODUCTS_DIR; };
		3DB9927F1BCBFAAF00C875EA /* AppDelegate.swift */ = {isa = PBXFileReference; lastKnownFileType = sourcecode.swift; path = AppDelegate.swift; sourceTree = "<group>"; };
		3DB992811BCBFAAF00C875EA /* ViewController.swift */ = {isa = PBXFileReference; lastKnownFileType = sourcecode.swift; path = ViewController.swift; sourceTree = "<group>"; };
		3DB992841BCBFAAF00C875EA /* Base */ = {isa = PBXFileReference; lastKnownFileType = file.storyboard; name = Base; path = Base.lproj/Main.storyboard; sourceTree = "<group>"; };
		3DB992861BCBFAAF00C875EA /* Assets.xcassets */ = {isa = PBXFileReference; lastKnownFileType = folder.assetcatalog; path = Assets.xcassets; sourceTree = "<group>"; };
		3DB992891BCBFAAF00C875EA /* Base */ = {isa = PBXFileReference; lastKnownFileType = file.storyboard; name = Base; path = Base.lproj/LaunchScreen.storyboard; sourceTree = "<group>"; };
		3DB9928B1BCBFAAF00C875EA /* Info.plist */ = {isa = PBXFileReference; lastKnownFileType = text.plist.xml; path = Info.plist; sourceTree = "<group>"; };
		3DB992921BCBFC5800C875EA /* Fabric.framework */ = {isa = PBXFileReference; lastKnownFileType = wrapper.framework; path = Fabric.framework; sourceTree = "<group>"; };
		3DB992931BCBFC5800C875EA /* Crashlytics.framework */ = {isa = PBXFileReference; lastKnownFileType = wrapper.framework; path = Crashlytics.framework; sourceTree = "<group>"; };
/* End PBXFileReference section */

/* Begin PBXFrameworksBuildPhase section */
		3DB992791BCBFAAF00C875EA /* Frameworks */ = {
			isa = PBXFrameworksBuildPhase;
			buildActionMask = 2147483647;
			files = (
				3DB992951BCBFC5800C875EA /* Crashlytics.framework in Frameworks */,
				3DB992941BCBFC5800C875EA /* Fabric.framework in Frameworks */,
			);
			runOnlyForDeploymentPostprocessing = 0;
		};
/* End PBXFrameworksBuildPhase section */

/* Begin PBXGroup section */
		3DB992731BCBFAAF00C875EA = {
			isa = PBXGroup;
			children = (
				3DB9927E1BCBFAAF00C875EA /* HelloCrash */,
				3DB9927D1BCBFAAF00C875EA /* Products */,
				3DB992921BCBFC5800C875EA /* Fabric.framework */,
				3DB992931BCBFC5800C875EA /* Crashlytics.framework */,
			);
			sourceTree = "<group>";
		};
		3DB9927D1BCBFAAF00C875EA /* Products */ = {
			isa = PBXGroup;
			children = (
				3DB9927C1BCBFAAF00C875EA /* HelloCrash.app */,
			);
			name = Products;
			sourceTree = "<group>";
		};
		3DB9927E1BCBFAAF00C875EA /* HelloCrash */ = {
			isa = PBXGroup;
			children = (
				3DB9927F1BCBFAAF00C875EA /* AppDelegate.swift */,
				3DB992811BCBFAAF00C875EA /* ViewController.swift */,
				3DB992831BCBFAAF00C875EA /* Main.storyboard */,
				3DB992861BCBFAAF00C875EA /* Assets.xcassets */,
				3DB992881BCBFAAF00C875EA /* LaunchScreen.storyboard */,
				3DB9928B1BCBFAAF00C875EA /* Info.plist */,
			);
			path = HelloCrash;
			sourceTree = "<group>";
		};
/* End PBXGroup section */

/* Begin PBXNativeTarget section */
		3DB9927B1BCBFAAF00C875EA /* HelloCrash */ = {
			isa = PBXNativeTarget;
			buildConfigurationList = 3DB9928E1BCBFAAF00C875EA /* Build configuration list for PBXNativeTarget "HelloCrash" */;
			buildPhases = (
				3DB992781BCBFAAF00C875EA /* Sources */,
				3DB992791BCBFAAF00C875EA /* Frameworks */,
				3DB9927A1BCBFAAF00C875EA /* Resources */,
				3DB992911BCBFB4C00C875EA /* ShellScript */,
			);
			buildRules = (
			);
			dependencies = (
			);
			name = HelloCrash;
			productName = HelloCrash;
			productReference = 3DB9927C1BCBFAAF00C875EA /* HelloCrash.app */;
			productType = "com.apple.product-type.application";
		};
/* End PBXNativeTarget section */

/* Begin PBXProject section */
		3DB992741BCBFAAF00C875EA /* Project object */ = {
			isa = PBXProject;
			attributes = {
				LastUpgradeCheck = 0700;
				ORGANIZATIONNAME = "Kelly Robinson";
				TargetAttributes = {
					3DB9927B1BCBFAAF00C875EA = {
						CreatedOnToolsVersion = 7.0.1;
					};
				};
			};
			buildConfigurationList = 3DB992771BCBFAAF00C875EA /* Build configuration list for PBXProject "HelloCrash" */;
			compatibilityVersion = "Xcode 3.2";
			developmentRegion = English;
			hasScannedForEncodings = 0;
			knownRegions = (
				en,
				Base,
			);
			mainGroup = 3DB992731BCBFAAF00C875EA;
			productRefGroup = 3DB9927D1BCBFAAF00C875EA /* Products */;
			projectDirPath = "";
			projectRoot = "";
			targets = (
				3DB9927B1BCBFAAF00C875EA /* HelloCrash */,
			);
		};
/* End PBXProject section */

/* Begin PBXResourcesBuildPhase section */
		3DB9927A1BCBFAAF00C875EA /* Resources */ = {
			isa = PBXResourcesBuildPhase;
			buildActionMask = 2147483647;
			files = (
				3DB9928A1BCBFAAF00C875EA /* LaunchScreen.storyboard in Resources */,
				3DB992871BCBFAAF00C875EA /* Assets.xcassets in Resources */,
				3DB992851BCBFAAF00C875EA /* Main.storyboard in Resources */,
			);
			runOnlyForDeploymentPostprocessing = 0;
		};
/* End PBXResourcesBuildPhase section */

/* Begin PBXShellScriptBuildPhase section */
		3DB992911BCBFB4C00C875EA /* ShellScript */ = {
			isa = PBXShellScriptBuildPhase;
			buildActionMask = 2147483647;
			files = (
			);
			inputPaths = (
			);
			outputPaths = (
			);
			runOnlyForDeploymentPostprocessing = 0;
			shellPath = /bin/sh;
			shellScript = "./Fabric.framework/run 651593452a0683520ecc410343302dae90372f30 709673c732fbc2ce897d07678ae42237b483427d601511ee662778c5ef213f10";
		};
/* End PBXShellScriptBuildPhase section */

/* Begin PBXSourcesBuildPhase section */
		3DB992781BCBFAAF00C875EA /* Sources */ = {
			isa = PBXSourcesBuildPhase;
			buildActionMask = 2147483647;
			files = (
				3DB992821BCBFAAF00C875EA /* ViewController.swift in Sources */,
				3DB992801BCBFAAF00C875EA /* AppDelegate.swift in Sources */,
			);
			runOnlyForDeploymentPostprocessing = 0;
		};
/* End PBXSourcesBuildPhase section */

/* Begin PBXVariantGroup section */
		3DB992831BCBFAAF00C875EA /* Main.storyboard */ = {
			isa = PBXVariantGroup;
			children = (
				3DB992841BCBFAAF00C875EA /* Base */,
			);
			name = Main.storyboard;
			sourceTree = "<group>";
		};
		3DB992881BCBFAAF00C875EA /* LaunchScreen.storyboard */ = {
			isa = PBXVariantGroup;
			children = (
				3DB992891BCBFAAF00C875EA /* Base */,
			);
			name = LaunchScreen.storyboard;
			sourceTree = "<group>";
		};
/* End PBXVariantGroup section */

/* Begin XCBuildConfiguration section */
		3DB9928C1BCBFAAF00C875EA /* Debug */ = {
			isa = XCBuildConfiguration;
			buildSettings = {
				ALWAYS_SEARCH_USER_PATHS = NO;
				CLANG_CXX_LANGUAGE_STANDARD = "gnu++0x";
				CLANG_CXX_LIBRARY = "libc++";
				CLANG_ENABLE_MODULES = YES;
				CLANG_ENABLE_OBJC_ARC = YES;
				CLANG_WARN_BOOL_CONVERSION = YES;
				CLANG_WARN_CONSTANT_CONVERSION = YES;
				CLANG_WARN_DIRECT_OBJC_ISA_USAGE = YES_ERROR;
				CLANG_WARN_EMPTY_BODY = YES;
				CLANG_WARN_ENUM_CONVERSION = YES;
				CLANG_WARN_INT_CONVERSION = YES;
				CLANG_WARN_OBJC_ROOT_CLASS = YES_ERROR;
				CLANG_WARN_UNREACHABLE_CODE = YES;
				CLANG_WARN__DUPLICATE_METHOD_MATCH = YES;
				"CODE_SIGN_IDENTITY[sdk=iphoneos*]" = "iPhone Developer";
				COPY_PHASE_STRIP = NO;
				DEBUG_INFORMATION_FORMAT = dwarf;
				ENABLE_STRICT_OBJC_MSGSEND = YES;
				ENABLE_TESTABILITY = YES;
				GCC_C_LANGUAGE_STANDARD = gnu99;
				GCC_DYNAMIC_NO_PIC = NO;
				GCC_NO_COMMON_BLOCKS = YES;
				GCC_OPTIMIZATION_LEVEL = 0;
				GCC_PREPROCESSOR_DEFINITIONS = (
					"DEBUG=1",
					"$(inherited)",
				);
				GCC_WARN_64_TO_32_BIT_CONVERSION = YES;
				GCC_WARN_ABOUT_RETURN_TYPE = YES_ERROR;
				GCC_WARN_UNDECLARED_SELECTOR = YES;
				GCC_WARN_UNINITIALIZED_AUTOS = YES_AGGRESSIVE;
				GCC_WARN_UNUSED_FUNCTION = YES;
				GCC_WARN_UNUSED_VARIABLE = YES;
				IPHONEOS_DEPLOYMENT_TARGET = 9.0;
				MTL_ENABLE_DEBUG_INFO = YES;
				ONLY_ACTIVE_ARCH = YES;
				SDKROOT = iphoneos;
				SWIFT_OPTIMIZATION_LEVEL = "-Onone";
			};
			name = Debug;
		};
		3DB9928D1BCBFAAF00C875EA /* Release */ = {
			isa = XCBuildConfiguration;
			buildSettings = {
				ALWAYS_SEARCH_USER_PATHS = NO;
				CLANG_CXX_LANGUAGE_STANDARD = "gnu++0x";
				CLANG_CXX_LIBRARY = "libc++";
				CLANG_ENABLE_MODULES = YES;
				CLANG_ENABLE_OBJC_ARC = YES;
				CLANG_WARN_BOOL_CONVERSION = YES;
				CLANG_WARN_CONSTANT_CONVERSION = YES;
				CLANG_WARN_DIRECT_OBJC_ISA_USAGE = YES_ERROR;
				CLANG_WARN_EMPTY_BODY = YES;
				CLANG_WARN_ENUM_CONVERSION = YES;
				CLANG_WARN_INT_CONVERSION = YES;
				CLANG_WARN_OBJC_ROOT_CLASS = YES_ERROR;
				CLANG_WARN_UNREACHABLE_CODE = YES;
				CLANG_WARN__DUPLICATE_METHOD_MATCH = YES;
				"CODE_SIGN_IDENTITY[sdk=iphoneos*]" = "iPhone Developer";
				COPY_PHASE_STRIP = NO;
				DEBUG_INFORMATION_FORMAT = "dwarf-with-dsym";
				ENABLE_NS_ASSERTIONS = NO;
				ENABLE_STRICT_OBJC_MSGSEND = YES;
				GCC_C_LANGUAGE_STANDARD = gnu99;
				GCC_NO_COMMON_BLOCKS = YES;
				GCC_WARN_64_TO_32_BIT_CONVERSION = YES;
				GCC_WARN_ABOUT_RETURN_TYPE = YES_ERROR;
				GCC_WARN_UNDECLARED_SELECTOR = YES;
				GCC_WARN_UNINITIALIZED_AUTOS = YES_AGGRESSIVE;
				GCC_WARN_UNUSED_FUNCTION = YES;
				GCC_WARN_UNUSED_VARIABLE = YES;
				IPHONEOS_DEPLOYMENT_TARGET = 9.0;
				MTL_ENABLE_DEBUG_INFO = NO;
				SDKROOT = iphoneos;
				VALIDATE_PRODUCT = YES;
			};
			name = Release;
		};
		3DB9928F1BCBFAAF00C875EA /* Debug */ = {
			isa = XCBuildConfiguration;
			buildSettings = {
				ASSETCATALOG_COMPILER_APPICON_NAME = AppIcon;
				DEBUG_INFORMATION_FORMAT = "dwarf-with-dsym";
				FRAMEWORK_SEARCH_PATHS = (
					"$(inherited)",
					"$(PROJECT_DIR)",
				);
				INFOPLIST_FILE = HelloCrash/Info.plist;
				LD_RUNPATH_SEARCH_PATHS = "$(inherited) @executable_path/Frameworks";
				PRODUCT_BUNDLE_IDENTIFIER = com.Kelly.HelloCrash;
				PRODUCT_NAME = "$(TARGET_NAME)";
			};
			name = Debug;
		};
		3DB992901BCBFAAF00C875EA /* Release */ = {
			isa = XCBuildConfiguration;
			buildSettings = {
				ASSETCATALOG_COMPILER_APPICON_NAME = AppIcon;
				FRAMEWORK_SEARCH_PATHS = (
					"$(inherited)",
					"$(PROJECT_DIR)",
				);
				INFOPLIST_FILE = HelloCrash/Info.plist;
				LD_RUNPATH_SEARCH_PATHS = "$(inherited) @executable_path/Frameworks";
				PRODUCT_BUNDLE_IDENTIFIER = com.Kelly.HelloCrash;
				PRODUCT_NAME = "$(TARGET_NAME)";
			};
			name = Release;
		};
/* End XCBuildConfiguration section */

/* Begin XCConfigurationList section */
		3DB992771BCBFAAF00C875EA /* Build configuration list for PBXProject "HelloCrash" */ = {
			isa = XCConfigurationList;
			buildConfigurations = (
				3DB9928C1BCBFAAF00C875EA /* Debug */,
				3DB9928D1BCBFAAF00C875EA /* Release */,
			);
			defaultConfigurationIsVisible = 0;
			defaultConfigurationName = Release;
		};
		3DB9928E1BCBFAAF00C875EA /* Build configuration list for PBXNativeTarget "HelloCrash" */ = {
			isa = XCConfigurationList;
			buildConfigurations = (
				3DB9928F1BCBFAAF00C875EA /* Debug */,
				3DB992901BCBFAAF00C875EA /* Release */,
			);
			defaultConfigurationIsVisible = 0;
		};
/* End XCConfigurationList section */
	};
	rootObject = 3DB992741BCBFAAF00C875EA /* Project object */;
}
